
Microsoft Visual Studio Solution File, Format Version 12.00
# Visual Studio Version 17
VisualStudioVersion = 17.5.33627.172
MinimumVisualStudioVersion = 10.0.40219.1
Project("{9A19103F-16F7-4668-BE54-9A1E7A4F7556}") = "food_detective", "src\food_detective.csproj", "{995842ED-E0F4-41C2-88D9-EC60FD9177C2}"
EndProject
Project("{9A19103F-16F7-4668-BE54-9A1E7A4F7556}") = "unit_tests", "unit_tests\unit_tests.csproj", "{4DC152CA-4F99-49E3-9FF3-F0A793833104}"
EndProject
Project("{FAE04EC0-301F-11D3-BF4B-00C04F79EFBC}") = "integration_tests", "integration_tests\integration_tests.csproj", "{618F3B48-D4E1-4809-A8EE-9066EB457A37}"
EndProject
Global
	GlobalSection(SolutionConfigurationPlatforms) = preSolution
		Debug|Any CPU = Debug|Any CPU
		Release|Any CPU = Release|Any CPU
	EndGlobalSection
	GlobalSection(ProjectConfigurationPlatforms) = postSolution
		{995842ED-E0F4-41C2-88D9-EC60FD9177C2}.Debug|Any CPU.ActiveCfg = Debug|Any CPU
		{995842ED-E0F4-41C2-88D9-EC60FD9177C2}.Debug|Any CPU.Build.0 = Debug|Any CPU
		{995842ED-E0F4-41C2-88D9-EC60FD9177C2}.Release|Any CPU.ActiveCfg = Release|Any CPU
		{995842ED-E0F4-41C2-88D9-EC60FD9177C2}.Release|Any CPU.Build.0 = Release|Any CPU
		{4DC152CA-4F99-49E3-9FF3-F0A793833104}.Debug|Any CPU.ActiveCfg = Debug|Any CPU
		{4DC152CA-4F99-49E3-9FF3-F0A793833104}.Debug|Any CPU.Build.0 = Debug|Any CPU
		{4DC152CA-4F99-49E3-9FF3-F0A793833104}.Release|Any CPU.ActiveCfg = Release|Any CPU
		{4DC152CA-4F99-49E3-9FF3-F0A793833104}.Release|Any CPU.Build.0 = Release|Any CPU
		{618F3B48-D4E1-4809-A8EE-9066EB457A37}.Debug|Any CPU.ActiveCfg = Debug|Any CPU
		{618F3B48-D4E1-4809-A8EE-9066EB457A37}.Debug|Any CPU.Build.0 = Debug|Any CPU
		{618F3B48-D4E1-4809-A8EE-9066EB457A37}.Release|Any CPU.ActiveCfg = Release|Any CPU
		{618F3B48-D4E1-4809-A8EE-9066EB457A37}.Release|Any CPU.Build.0 = Release|Any CPU
	EndGlobalSection
	GlobalSection(SolutionProperties) = preSolution
		HideSolutionNode = FALSE
	EndGlobalSection
	GlobalSection(ExtensibilityGlobals) = postSolution
		SolutionGuid = {14809F28-DF9D-47E0-92C1-018AFB7B390A}
	EndGlobalSection
EndGlobal
