
Microsoft Visual Studio Solution File, Format Version 12.00
# Visual Studio Version 16
VisualStudioVersion = 16.0.31019.35
MinimumVisualStudioVersion = 10.0.40219.1
Project("{FAE04EC0-301F-11D3-BF4B-00C04F79EFBC}") = "Harmful Ingredients Search", "Harmful Ingredients Search.csproj", "{2B02EEE8-32D4-4FBD-8824-053270DF9766}"
EndProject
Global
	GlobalSection(SolutionConfigurationPlatforms) = preSolution
		Debug|Any CPU = Debug|Any CPU
		Release|Any CPU = Release|Any CPU
	EndGlobalSection
	GlobalSection(ProjectConfigurationPlatforms) = postSolution
		{2B02EEE8-32D4-4FBD-8824-053270DF9766}.Debug|Any CPU.ActiveCfg = Debug|Any CPU
		{2B02EEE8-32D4-4FBD-8824-053270DF9766}.Debug|Any CPU.Build.0 = Debug|Any CPU
		{2B02EEE8-32D4-4FBD-8824-053270DF9766}.Release|Any CPU.ActiveCfg = Release|Any CPU
		{2B02EEE8-32D4-4FBD-8824-053270DF9766}.Release|Any CPU.Build.0 = Release|Any CPU
	EndGlobalSection
	GlobalSection(SolutionProperties) = preSolution
		HideSolutionNode = FALSE
	EndGlobalSection
	GlobalSection(ExtensibilityGlobals) = postSolution
		SolutionGuid = {2CF76CBB-B956-4217-8C43-C5890B1EAB9D}
	EndGlobalSection
EndGlobal
